
Microsoft Visual Studio Solution File, Format Version 12.00
# Visual Studio Version 16
VisualStudioVersion = 16.0.31624.102
MinimumVisualStudioVersion = 10.0.40219.1
Project("{9A19103F-16F7-4668-BE54-9A1E7A4F7556}") = "OrderApi", "OrderApi\OrderApi.csproj", "{823F7F5B-76ED-47AE-A2E6-D953298C0AFF}"
EndProject
Project("{9A19103F-16F7-4668-BE54-9A1E7A4F7556}") = "OrderApi.DAL", "OrderApi.DAL\OrderApi.DAL.csproj", "{31781669-905D-4F29-BAC6-BDAD0D9BA2FE}"
EndProject
Project("{9A19103F-16F7-4668-BE54-9A1E7A4F7556}") = "OrderApi.Models", "OrderApi.Models\OrderApi.Models.csproj", "{5DE9589E-7064-4AED-AAB2-26A5C411DD82}"
EndProject
Global
	GlobalSection(SolutionConfigurationPlatforms) = preSolution
		Debug|Any CPU = Debug|Any CPU
		Release|Any CPU = Release|Any CPU
	EndGlobalSection
	GlobalSection(ProjectConfigurationPlatforms) = postSolution
		{823F7F5B-76ED-47AE-A2E6-D953298C0AFF}.Debug|Any CPU.ActiveCfg = Debug|Any CPU
		{823F7F5B-76ED-47AE-A2E6-D953298C0AFF}.Debug|Any CPU.Build.0 = Debug|Any CPU
		{823F7F5B-76ED-47AE-A2E6-D953298C0AFF}.Release|Any CPU.ActiveCfg = Release|Any CPU
		{823F7F5B-76ED-47AE-A2E6-D953298C0AFF}.Release|Any CPU.Build.0 = Release|Any CPU
		{31781669-905D-4F29-BAC6-BDAD0D9BA2FE}.Debug|Any CPU.ActiveCfg = Debug|Any CPU
		{31781669-905D-4F29-BAC6-BDAD0D9BA2FE}.Debug|Any CPU.Build.0 = Debug|Any CPU
		{31781669-905D-4F29-BAC6-BDAD0D9BA2FE}.Release|Any CPU.ActiveCfg = Release|Any CPU
		{31781669-905D-4F29-BAC6-BDAD0D9BA2FE}.Release|Any CPU.Build.0 = Release|Any CPU
		{5DE9589E-7064-4AED-AAB2-26A5C411DD82}.Debug|Any CPU.ActiveCfg = Debug|Any CPU
		{5DE9589E-7064-4AED-AAB2-26A5C411DD82}.Debug|Any CPU.Build.0 = Debug|Any CPU
		{5DE9589E-7064-4AED-AAB2-26A5C411DD82}.Release|Any CPU.ActiveCfg = Release|Any CPU
		{5DE9589E-7064-4AED-AAB2-26A5C411DD82}.Release|Any CPU.Build.0 = Release|Any CPU
	EndGlobalSection
	GlobalSection(SolutionProperties) = preSolution
		HideSolutionNode = FALSE
	EndGlobalSection
	GlobalSection(ExtensibilityGlobals) = postSolution
		SolutionGuid = {35511BF7-54E6-4851-AB24-ED01FDC8BD9D}
	EndGlobalSection
EndGlobal
